
Microsoft Visual Studio Solution File, Format Version 12.00
# Visual Studio Version 17
VisualStudioVersion = 17.0.31611.283
MinimumVisualStudioVersion = 10.0.40219.1
Project("{9A19103F-16F7-4668-BE54-9A1E7A4F7556}") = "Prodify", "Prodify.csproj", "{DCD35434-7246-4347-B5E7-5658266A65F1}"
EndProject
Project("{2150E333-8FDC-42A3-9474-1A3956D46DE8}") = "Solution Items", "Solution Items", "{AB71FF5C-1A7F-4477-A5D3-5C37E79D054D}"
	ProjectSection(SolutionItems) = preProject
		.editorconfig = .editorconfig
	EndProjectSection
EndProject
Project("{9A19103F-16F7-4668-BE54-9A1E7A4F7556}") = "Plugin.LocalNotification", "..\..\Plugin.LocalNotification\Plugin.LocalNotification.csproj", "{16BA3FD8-345F-4845-8E63-F2D95CE8572C}"
EndProject
Global
	GlobalSection(SolutionConfigurationPlatforms) = preSolution
		Debug|Any CPU = Debug|Any CPU
		Release|Any CPU = Release|Any CPU
	EndGlobalSection
	GlobalSection(ProjectConfigurationPlatforms) = postSolution
		{DCD35434-7246-4347-B5E7-5658266A65F1}.Debug|Any CPU.ActiveCfg = Debug|Any CPU
		{DCD35434-7246-4347-B5E7-5658266A65F1}.Debug|Any CPU.Build.0 = Debug|Any CPU
		{DCD35434-7246-4347-B5E7-5658266A65F1}.Debug|Any CPU.Deploy.0 = Debug|Any CPU
		{DCD35434-7246-4347-B5E7-5658266A65F1}.Release|Any CPU.ActiveCfg = Release|Any CPU
		{DCD35434-7246-4347-B5E7-5658266A65F1}.Release|Any CPU.Build.0 = Release|Any CPU
		{DCD35434-7246-4347-B5E7-5658266A65F1}.Release|Any CPU.Deploy.0 = Release|Any CPU
		{16BA3FD8-345F-4845-8E63-F2D95CE8572C}.Debug|Any CPU.ActiveCfg = Debug|Any CPU
		{16BA3FD8-345F-4845-8E63-F2D95CE8572C}.Debug|Any CPU.Build.0 = Debug|Any CPU
		{16BA3FD8-345F-4845-8E63-F2D95CE8572C}.Release|Any CPU.ActiveCfg = Release|Any CPU
		{16BA3FD8-345F-4845-8E63-F2D95CE8572C}.Release|Any CPU.Build.0 = Release|Any CPU
	EndGlobalSection
	GlobalSection(SolutionProperties) = preSolution
		HideSolutionNode = FALSE
	EndGlobalSection
	GlobalSection(ExtensibilityGlobals) = postSolution
		SolutionGuid = {61F7FB11-1E47-470C-91E2-47F8143E1572}
	EndGlobalSection
EndGlobal
